# THIS IS AN AUTOGENERATED FILE. DO NOT EDIT THIS FILE DIRECTLY.
# yarn lockfile v1


"@types/node@*":
  version "18.11.18"
  resolved "https://registry.yarnpkg.com/@types/node/-/node-18.11.18.tgz#8dfb97f0da23c2293e554c5a50d61ef134d7697f"
  integrity sha512-DHQpWGjyQKSHj3ebjFI/wRKcqQcdR+MoFBygntYOZytCqNfkd2ZC4ARDJ2DQqhjH5p85Nnd3jhUJIXrszFX/JA==

"@types/papaparse@^5.3.7":
  version "5.3.7"
  resolved "https://registry.yarnpkg.com/@types/papaparse/-/papaparse-5.3.7.tgz#8d3bf9e62ac2897df596f49d9ca59a15451aa247"
  integrity sha512-f2HKmlnPdCvS0WI33WtCs5GD7X1cxzzS/aduaxSu3I7TbhWlENjSPs6z5TaB9K0J+BH1jbmqTaM+ja5puis4wg==
  dependencies:
    "@types/node" "*"

papaparse@^5.3.2:
  version "5.3.2"
  resolved "https://registry.yarnpkg.com/papaparse/-/papaparse-5.3.2.tgz#d1abed498a0ee299f103130a6109720404fbd467"
  integrity sha512-6dNZu0Ki+gyV0eBsFKJhYr+MdQYAzFUGlBMNj3GNrmHxmz1lfRa24CjFObPXtjcetlOv5Ad299MhIK0znp3afw==

typescript@^4.9.4:
  version "4.9.4"
  resolved "https://registry.yarnpkg.com/typescript/-/typescript-4.9.4.tgz#a2a3d2756c079abda241d75f149df9d561091e78"
  integrity sha512-Uz+dTXYzxXXbsFpM86Wh3dKCxrQqUcVMxwU54orwlJjOpO3ao8L7j5lH+dWfTwgCwIuM9GQ2kvVotzYJMXTBZg==
